// !$*UTF8*$!
{
	archiveVersion = 1;
	classes = {
	};
	objectVersion = 56;
	objects = {

/* Begin PBXBuildFile section */
		0BE7640B2AD8582E00643AE6 /* GuitarTuner Watch App.app in Embed Watch Content */ = {isa = PBXBuildFile; fileRef = 0BE7640A2AD8582E00643AE6 /* GuitarTuner Watch App.app */; settings = {ATTRIBUTES = (RemoveHeadersOnCopy, ); }; };
		0BE764102AD8582E00643AE6 /* GuitarTunerApp.swift in Sources */ = {isa = PBXBuildFile; fileRef = 0BE7640F2AD8582E00643AE6 /* GuitarTunerApp.swift */; };
		0BE764122AD8582E00643AE6 /* ContentView.swift in Sources */ = {isa = PBXBuildFile; fileRef = 0BE764112AD8582E00643AE6 /* ContentView.swift */; };
		0BE764142AD8582F00643AE6 /* Assets.xcassets in Resources */ = {isa = PBXBuildFile; fileRef = 0BE764132AD8582F00643AE6 /* Assets.xcassets */; };
		0BE764172AD8582F00643AE6 /* Preview Assets.xcassets in Resources */ = {isa = PBXBuildFile; fileRef = 0BE764162AD8582F00643AE6 /* Preview Assets.xcassets */; };
		0BE764222AD87FB000643AE6 /* TunerView.swift in Sources */ = {isa = PBXBuildFile; fileRef = 0BE764212AD87FB000643AE6 /* TunerView.swift */; };
		0BE764242AD88F6400643AE6 /* AudioProcessor.swift in Sources */ = {isa = PBXBuildFile; fileRef = 0BE764232AD88F6400643AE6 /* AudioProcessor.swift */; };
		0BE764282AD8ABAD00643AE6 /* AVFoundation.framework in Frameworks */ = {isa = PBXBuildFile; fileRef = 0BE764262AD8AB8500643AE6 /* AVFoundation.framework */; };
		0BE7642C2AD8C64300643AE6 /* FrequencyHandler.swift in Sources */ = {isa = PBXBuildFile; fileRef = 0BE7642B2AD8C64300643AE6 /* FrequencyHandler.swift */; };
		0BE7642E2AD8CA9500643AE6 /* Accelerate.framework in Frameworks */ = {isa = PBXBuildFile; fileRef = 0BE7642D2AD8CA9500643AE6 /* Accelerate.framework */; };
		0BE764302AD9B0A200643AE6 /* TunerHandler.swift in Sources */ = {isa = PBXBuildFile; fileRef = 0BE7642F2AD9B0A200643AE6 /* TunerHandler.swift */; };
/* End PBXBuildFile section */

/* Begin PBXContainerItemProxy section */
		0BE7640C2AD8582E00643AE6 /* PBXContainerItemProxy */ = {
			isa = PBXContainerItemProxy;
			containerPortal = 0BE763FE2AD8582D00643AE6 /* Project object */;
			proxyType = 1;
			remoteGlobalIDString = 0BE764092AD8582E00643AE6;
			remoteInfo = "GuitarTuner Watch App";
		};
/* End PBXContainerItemProxy section */

/* Begin PBXCopyFilesBuildPhase section */
		0BE7641D2AD8582F00643AE6 /* Embed Watch Content */ = {
			isa = PBXCopyFilesBuildPhase;
			buildActionMask = 2147483647;
			dstPath = "$(CONTENTS_FOLDER_PATH)/Watch";
			dstSubfolderSpec = 16;
			files = (
				0BE7640B2AD8582E00643AE6 /* GuitarTuner Watch App.app in Embed Watch Content */,
			);
			name = "Embed Watch Content";
			runOnlyForDeploymentPostprocessing = 0;
		};
/* End PBXCopyFilesBuildPhase section */

/* Begin PBXFileReference section */
		0BE764042AD8582E00643AE6 /* GuitarTuner.app */ = {isa = PBXFileReference; explicitFileType = wrapper.application; includeInIndex = 0; path = GuitarTuner.app; sourceTree = BUILT_PRODUCTS_DIR; };
		0BE7640A2AD8582E00643AE6 /* GuitarTuner Watch App.app */ = {isa = PBXFileReference; explicitFileType = wrapper.application; includeInIndex = 0; path = "GuitarTuner Watch App.app"; sourceTree = BUILT_PRODUCTS_DIR; };
		0BE7640F2AD8582E00643AE6 /* GuitarTunerApp.swift */ = {isa = PBXFileReference; lastKnownFileType = sourcecode.swift; path = GuitarTunerApp.swift; sourceTree = "<group>"; };
		0BE764112AD8582E00643AE6 /* ContentView.swift */ = {isa = PBXFileReference; lastKnownFileType = sourcecode.swift; path = ContentView.swift; sourceTree = "<group>"; };
		0BE764132AD8582F00643AE6 /* Assets.xcassets */ = {isa = PBXFileReference; lastKnownFileType = folder.assetcatalog; path = Assets.xcassets; sourceTree = "<group>"; };
		0BE764162AD8582F00643AE6 /* Preview Assets.xcassets */ = {isa = PBXFileReference; lastKnownFileType = folder.assetcatalog; path = "Preview Assets.xcassets"; sourceTree = "<group>"; };
		0BE764212AD87FB000643AE6 /* TunerView.swift */ = {isa = PBXFileReference; lastKnownFileType = sourcecode.swift; path = TunerView.swift; sourceTree = "<group>"; };
		0BE764232AD88F6400643AE6 /* AudioProcessor.swift */ = {isa = PBXFileReference; lastKnownFileType = sourcecode.swift; path = AudioProcessor.swift; sourceTree = "<group>"; };
		0BE764262AD8AB8500643AE6 /* AVFoundation.framework */ = {isa = PBXFileReference; lastKnownFileType = wrapper.framework; name = AVFoundation.framework; path = Platforms/WatchOS.platform/Developer/SDKs/WatchOS10.0.sdk/System/Library/Frameworks/AVFoundation.framework; sourceTree = DEVELOPER_DIR; };
		0BE7642B2AD8C64300643AE6 /* FrequencyHandler.swift */ = {isa = PBXFileReference; lastKnownFileType = sourcecode.swift; path = FrequencyHandler.swift; sourceTree = "<group>"; };
		0BE7642D2AD8CA9500643AE6 /* Accelerate.framework */ = {isa = PBXFileReference; lastKnownFileType = wrapper.framework; name = Accelerate.framework; path = Platforms/WatchOS.platform/Developer/SDKs/WatchOS10.0.sdk/System/Library/Frameworks/Accelerate.framework; sourceTree = DEVELOPER_DIR; };
		0BE7642F2AD9B0A200643AE6 /* TunerHandler.swift */ = {isa = PBXFileReference; lastKnownFileType = sourcecode.swift; path = TunerHandler.swift; sourceTree = "<group>"; };
/* End PBXFileReference section */

/* Begin PBXFrameworksBuildPhase section */
		0BE764072AD8582E00643AE6 /* Frameworks */ = {
			isa = PBXFrameworksBuildPhase;
			buildActionMask = 2147483647;
			files = (
				0BE764282AD8ABAD00643AE6 /* AVFoundation.framework in Frameworks */,
				0BE7642E2AD8CA9500643AE6 /* Accelerate.framework in Frameworks */,
			);
			runOnlyForDeploymentPostprocessing = 0;
		};
/* End PBXFrameworksBuildPhase section */

/* Begin PBXGroup section */
		0BE763FD2AD8582D00643AE6 = {
			isa = PBXGroup;
			children = (
				0BE7640E2AD8582E00643AE6 /* GuitarTuner Watch App */,
				0BE764052AD8582E00643AE6 /* Products */,
				0BE764252AD8AB8500643AE6 /* Frameworks */,
			);
			sourceTree = "<group>";
		};
		0BE764052AD8582E00643AE6 /* Products */ = {
			isa = PBXGroup;
			children = (
				0BE764042AD8582E00643AE6 /* GuitarTuner.app */,
				0BE7640A2AD8582E00643AE6 /* GuitarTuner Watch App.app */,
			);
			name = Products;
			sourceTree = "<group>";
		};
		0BE7640E2AD8582E00643AE6 /* GuitarTuner Watch App */ = {
			isa = PBXGroup;
			children = (
				0BE7640F2AD8582E00643AE6 /* GuitarTunerApp.swift */,
				0BE764112AD8582E00643AE6 /* ContentView.swift */,
				0BE764132AD8582F00643AE6 /* Assets.xcassets */,
				0BE764152AD8582F00643AE6 /* Preview Content */,
				0BE764212AD87FB000643AE6 /* TunerView.swift */,
				0BE764232AD88F6400643AE6 /* AudioProcessor.swift */,
				0BE7642B2AD8C64300643AE6 /* FrequencyHandler.swift */,
				0BE7642F2AD9B0A200643AE6 /* TunerHandler.swift */,
			);
			path = "GuitarTuner Watch App";
			sourceTree = "<group>";
		};
		0BE764152AD8582F00643AE6 /* Preview Content */ = {
			isa = PBXGroup;
			children = (
				0BE764162AD8582F00643AE6 /* Preview Assets.xcassets */,
			);
			path = "Preview Content";
			sourceTree = "<group>";
		};
		0BE764252AD8AB8500643AE6 /* Frameworks */ = {
			isa = PBXGroup;
			children = (
				0BE7642D2AD8CA9500643AE6 /* Accelerate.framework */,
				0BE764262AD8AB8500643AE6 /* AVFoundation.framework */,
			);
			name = Frameworks;
			sourceTree = "<group>";
		};
/* End PBXGroup section */

/* Begin PBXNativeTarget section */
		0BE764032AD8582E00643AE6 /* GuitarTuner */ = {
			isa = PBXNativeTarget;
			buildConfigurationList = 0BE7641E2AD8582F00643AE6 /* Build configuration list for PBXNativeTarget "GuitarTuner" */;
			buildPhases = (
				0BE764022AD8582E00643AE6 /* Resources */,
				0BE7641D2AD8582F00643AE6 /* Embed Watch Content */,
			);
			buildRules = (
			);
			dependencies = (
				0BE7640D2AD8582E00643AE6 /* PBXTargetDependency */,
			);
			name = GuitarTuner;
			productName = GuitarTuner;
			productReference = 0BE764042AD8582E00643AE6 /* GuitarTuner.app */;
			productType = "com.apple.product-type.application.watchapp2-container";
		};
		0BE764092AD8582E00643AE6 /* GuitarTuner Watch App */ = {
			isa = PBXNativeTarget;
			buildConfigurationList = 0BE7641A2AD8582F00643AE6 /* Build configuration list for PBXNativeTarget "GuitarTuner Watch App" */;
			buildPhases = (
				0BE764062AD8582E00643AE6 /* Sources */,
				0BE764072AD8582E00643AE6 /* Frameworks */,
				0BE764082AD8582E00643AE6 /* Resources */,
			);
			buildRules = (
			);
			dependencies = (
			);
			name = "GuitarTuner Watch App";
			productName = "GuitarTuner Watch App";
			productReference = 0BE7640A2AD8582E00643AE6 /* GuitarTuner Watch App.app */;
			productType = "com.apple.product-type.application";
		};
/* End PBXNativeTarget section */

/* Begin PBXProject section */
		0BE763FE2AD8582D00643AE6 /* Project object */ = {
			isa = PBXProject;
			attributes = {
				BuildIndependentTargetsInParallel = 1;
				LastSwiftUpdateCheck = 1500;
				LastUpgradeCheck = 1500;
				TargetAttributes = {
					0BE764032AD8582E00643AE6 = {
						CreatedOnToolsVersion = 15.0;
					};
					0BE764092AD8582E00643AE6 = {
						CreatedOnToolsVersion = 15.0;
					};
				};
			};
			buildConfigurationList = 0BE764012AD8582D00643AE6 /* Build configuration list for PBXProject "GuitarTuner" */;
			compatibilityVersion = "Xcode 14.0";
			developmentRegion = en;
			hasScannedForEncodings = 0;
			knownRegions = (
				en,
				Base,
			);
			mainGroup = 0BE763FD2AD8582D00643AE6;
			productRefGroup = 0BE764052AD8582E00643AE6 /* Products */;
			projectDirPath = "";
			projectRoot = "";
			targets = (
				0BE764032AD8582E00643AE6 /* GuitarTuner */,
				0BE764092AD8582E00643AE6 /* GuitarTuner Watch App */,
			);
		};
/* End PBXProject section */

/* Begin PBXResourcesBuildPhase section */
		0BE764022AD8582E00643AE6 /* Resources */ = {
			isa = PBXResourcesBuildPhase;
			buildActionMask = 2147483647;
			files = (
			);
			runOnlyForDeploymentPostprocessing = 0;
		};
		0BE764082AD8582E00643AE6 /* Resources */ = {
			isa = PBXResourcesBuildPhase;
			buildActionMask = 2147483647;
			files = (
				0BE764172AD8582F00643AE6 /* Preview Assets.xcassets in Resources */,
				0BE764142AD8582F00643AE6 /* Assets.xcassets in Resources */,
			);
			runOnlyForDeploymentPostprocessing = 0;
		};
/* End PBXResourcesBuildPhase section */

/* Begin PBXSourcesBuildPhase section */
		0BE764062AD8582E00643AE6 /* Sources */ = {
			isa = PBXSourcesBuildPhase;
			buildActionMask = 2147483647;
			files = (
				0BE764242AD88F6400643AE6 /* AudioProcessor.swift in Sources */,
				0BE7642C2AD8C64300643AE6 /* FrequencyHandler.swift in Sources */,
				0BE764302AD9B0A200643AE6 /* TunerHandler.swift in Sources */,
				0BE764122AD8582E00643AE6 /* ContentView.swift in Sources */,
				0BE764102AD8582E00643AE6 /* GuitarTunerApp.swift in Sources */,
				0BE764222AD87FB000643AE6 /* TunerView.swift in Sources */,
			);
			runOnlyForDeploymentPostprocessing = 0;
		};
/* End PBXSourcesBuildPhase section */

/* Begin PBXTargetDependency section */
		0BE7640D2AD8582E00643AE6 /* PBXTargetDependency */ = {
			isa = PBXTargetDependency;
			target = 0BE764092AD8582E00643AE6 /* GuitarTuner Watch App */;
			targetProxy = 0BE7640C2AD8582E00643AE6 /* PBXContainerItemProxy */;
		};
/* End PBXTargetDependency section */

/* Begin XCBuildConfiguration section */
		0BE764182AD8582F00643AE6 /* Debug */ = {
			isa = XCBuildConfiguration;
			buildSettings = {
				ALWAYS_SEARCH_USER_PATHS = NO;
				ASSETCATALOG_COMPILER_GENERATE_SWIFT_ASSET_SYMBOL_EXTENSIONS = YES;
				CLANG_ANALYZER_NONNULL = YES;
				CLANG_ANALYZER_NUMBER_OBJECT_CONVERSION = YES_AGGRESSIVE;
				CLANG_CXX_LANGUAGE_STANDARD = "gnu++20";
				CLANG_ENABLE_MODULES = YES;
				CLANG_ENABLE_OBJC_ARC = YES;
				CLANG_ENABLE_OBJC_WEAK = YES;
				CLANG_WARN_BLOCK_CAPTURE_AUTORELEASING = YES;
				CLANG_WARN_BOOL_CONVERSION = YES;
				CLANG_WARN_COMMA = YES;
				CLANG_WARN_CONSTANT_CONVERSION = YES;
				CLANG_WARN_DEPRECATED_OBJC_IMPLEMENTATIONS = YES;
				CLANG_WARN_DIRECT_OBJC_ISA_USAGE = YES_ERROR;
				CLANG_WARN_DOCUMENTATION_COMMENTS = YES;
				CLANG_WARN_EMPTY_BODY = YES;
				CLANG_WARN_ENUM_CONVERSION = YES;
				CLANG_WARN_INFINITE_RECURSION = YES;
				CLANG_WARN_INT_CONVERSION = YES;
				CLANG_WARN_NON_LITERAL_NULL_CONVERSION = YES;
				CLANG_WARN_OBJC_IMPLICIT_RETAIN_SELF = YES;
				CLANG_WARN_OBJC_LITERAL_CONVERSION = YES;
				CLANG_WARN_OBJC_ROOT_CLASS = YES_ERROR;
				CLANG_WARN_QUOTED_INCLUDE_IN_FRAMEWORK_HEADER = YES;
				CLANG_WARN_RANGE_LOOP_ANALYSIS = YES;
				CLANG_WARN_STRICT_PROTOTYPES = YES;
				CLANG_WARN_SUSPICIOUS_MOVE = YES;
				CLANG_WARN_UNGUARDED_AVAILABILITY = YES_AGGRESSIVE;
				CLANG_WARN_UNREACHABLE_CODE = YES;
				CLANG_WARN__DUPLICATE_METHOD_MATCH = YES;
				COPY_PHASE_STRIP = NO;
				DEBUG_INFORMATION_FORMAT = dwarf;
				ENABLE_STRICT_OBJC_MSGSEND = YES;
				ENABLE_TESTABILITY = YES;
				ENABLE_USER_SCRIPT_SANDBOXING = YES;
				GCC_C_LANGUAGE_STANDARD = gnu17;
				GCC_DYNAMIC_NO_PIC = NO;
				GCC_NO_COMMON_BLOCKS = YES;
				GCC_OPTIMIZATION_LEVEL = 0;
				GCC_PREPROCESSOR_DEFINITIONS = (
					"DEBUG=1",
					"$(inherited)",
				);
				GCC_WARN_64_TO_32_BIT_CONVERSION = YES;
				GCC_WARN_ABOUT_RETURN_TYPE = YES_ERROR;
				GCC_WARN_UNDECLARED_SELECTOR = YES;
				GCC_WARN_UNINITIALIZED_AUTOS = YES_AGGRESSIVE;
				GCC_WARN_UNUSED_FUNCTION = YES;
				GCC_WARN_UNUSED_VARIABLE = YES;
				INFOPLIST_KEY_NSMicrophoneUsageDescription = "O afinador precisa de permissão de acesso ao microfone para poder detectar o som emitido pelo seu instrumento.";
				LOCALIZATION_PREFERS_STRING_CATALOGS = YES;
				MTL_ENABLE_DEBUG_INFO = INCLUDE_SOURCE;
				MTL_FAST_MATH = YES;
				ONLY_ACTIVE_ARCH = YES;
				SWIFT_ACTIVE_COMPILATION_CONDITIONS = "DEBUG $(inherited)";
				SWIFT_OPTIMIZATION_LEVEL = "-Onone";
			};
			name = Debug;
		};
		0BE764192AD8582F00643AE6 /* Release */ = {
			isa = XCBuildConfiguration;
			buildSettings = {
				ALWAYS_SEARCH_USER_PATHS = NO;
				ASSETCATALOG_COMPILER_GENERATE_SWIFT_ASSET_SYMBOL_EXTENSIONS = YES;
				CLANG_ANALYZER_NONNULL = YES;
				CLANG_ANALYZER_NUMBER_OBJECT_CONVERSION = YES_AGGRESSIVE;
				CLANG_CXX_LANGUAGE_STANDARD = "gnu++20";
				CLANG_ENABLE_MODULES = YES;
				CLANG_ENABLE_OBJC_ARC = YES;
				CLANG_ENABLE_OBJC_WEAK = YES;
				CLANG_WARN_BLOCK_CAPTURE_AUTORELEASING = YES;
				CLANG_WARN_BOOL_CONVERSION = YES;
				CLANG_WARN_COMMA = YES;
				CLANG_WARN_CONSTANT_CONVERSION = YES;
				CLANG_WARN_DEPRECATED_OBJC_IMPLEMENTATIONS = YES;
				CLANG_WARN_DIRECT_OBJC_ISA_USAGE = YES_ERROR;
				CLANG_WARN_DOCUMENTATION_COMMENTS = YES;
				CLANG_WARN_EMPTY_BODY = YES;
				CLANG_WARN_ENUM_CONVERSION = YES;
				CLANG_WARN_INFINITE_RECURSION = YES;
				CLANG_WARN_INT_CONVERSION = YES;
				CLANG_WARN_NON_LITERAL_NULL_CONVERSION = YES;
				CLANG_WARN_OBJC_IMPLICIT_RETAIN_SELF = YES;
				CLANG_WARN_OBJC_LITERAL_CONVERSION = YES;
				CLANG_WARN_OBJC_ROOT_CLASS = YES_ERROR;
				CLANG_WARN_QUOTED_INCLUDE_IN_FRAMEWORK_HEADER = YES;
				CLANG_WARN_RANGE_LOOP_ANALYSIS = YES;
				CLANG_WARN_STRICT_PROTOTYPES = YES;
				CLANG_WARN_SUSPICIOUS_MOVE = YES;
				CLANG_WARN_UNGUARDED_AVAILABILITY = YES_AGGRESSIVE;
				CLANG_WARN_UNREACHABLE_CODE = YES;
				CLANG_WARN__DUPLICATE_METHOD_MATCH = YES;
				COPY_PHASE_STRIP = NO;
				DEBUG_INFORMATION_FORMAT = "dwarf-with-dsym";
				ENABLE_NS_ASSERTIONS = NO;
				ENABLE_STRICT_OBJC_MSGSEND = YES;
				ENABLE_USER_SCRIPT_SANDBOXING = YES;
				GCC_C_LANGUAGE_STANDARD = gnu17;
				GCC_NO_COMMON_BLOCKS = YES;
				GCC_WARN_64_TO_32_BIT_CONVERSION = YES;
				GCC_WARN_ABOUT_RETURN_TYPE = YES_ERROR;
				GCC_WARN_UNDECLARED_SELECTOR = YES;
				GCC_WARN_UNINITIALIZED_AUTOS = YES_AGGRESSIVE;
				GCC_WARN_UNUSED_FUNCTION = YES;
				GCC_WARN_UNUSED_VARIABLE = YES;
				INFOPLIST_KEY_NSMicrophoneUsageDescription = "O afinador precisa de permissão de acesso ao microfone para poder detectar o som emitido pelo seu instrumento.";
				LOCALIZATION_PREFERS_STRING_CATALOGS = YES;
				MTL_ENABLE_DEBUG_INFO = NO;
				MTL_FAST_MATH = YES;
				SWIFT_COMPILATION_MODE = wholemodule;
			};
			name = Release;
		};
		0BE7641B2AD8582F00643AE6 /* Debug */ = {
			isa = XCBuildConfiguration;
			buildSettings = {
				ASSETCATALOG_COMPILER_APPICON_NAME = AppIcon;
				ASSETCATALOG_COMPILER_GLOBAL_ACCENT_COLOR_NAME = AccentColor;
				CODE_SIGN_STYLE = Automatic;
				CURRENT_PROJECT_VERSION = 1;
				DEVELOPMENT_ASSET_PATHS = "\"GuitarTuner Watch App/Preview Content\"";
				DEVELOPMENT_TEAM = RJ66497C7H;
				ENABLE_PREVIEWS = YES;
				GENERATE_INFOPLIST_FILE = YES;
				INFOPLIST_KEY_CFBundleDisplayName = GuitarTuner;
				INFOPLIST_KEY_NSMicrophoneUsageDescription = "O afinador precisa de permissão de acesso ao microfone para poder detectar o som emitido pelo seu instrumento.";
				INFOPLIST_KEY_UISupportedInterfaceOrientations = "UIInterfaceOrientationPortrait UIInterfaceOrientationPortraitUpsideDown";
				INFOPLIST_KEY_WKWatchOnly = YES;
				LD_RUNPATH_SEARCH_PATHS = (
					"$(inherited)",
					"@executable_path/Frameworks",
				);
				MARKETING_VERSION = 1.0;
				PRODUCT_BUNDLE_IDENTIFIER = com.br.personal.GuitarTuner.watchkitapp;
				PRODUCT_NAME = "$(TARGET_NAME)";
				SDKROOT = watchos;
				SKIP_INSTALL = YES;
				SWIFT_EMIT_LOC_STRINGS = YES;
				SWIFT_VERSION = 5.0;
				TARGETED_DEVICE_FAMILY = 4;
				WATCHOS_DEPLOYMENT_TARGET = 10.0;
			};
			name = Debug;
		};
		0BE7641C2AD8582F00643AE6 /* Release */ = {
			isa = XCBuildConfiguration;
			buildSettings = {
				ASSETCATALOG_COMPILER_APPICON_NAME = AppIcon;
				ASSETCATALOG_COMPILER_GLOBAL_ACCENT_COLOR_NAME = AccentColor;
				CODE_SIGN_STYLE = Automatic;
				CURRENT_PROJECT_VERSION = 1;
				DEVELOPMENT_ASSET_PATHS = "\"GuitarTuner Watch App/Preview Content\"";
				DEVELOPMENT_TEAM = RJ66497C7H;
				ENABLE_PREVIEWS = YES;
				GENERATE_INFOPLIST_FILE = YES;
				INFOPLIST_KEY_CFBundleDisplayName = GuitarTuner;
				INFOPLIST_KEY_NSMicrophoneUsageDescription = "O afinador precisa de permissão de acesso ao microfone para poder detectar o som emitido pelo seu instrumento.";
				INFOPLIST_KEY_UISupportedInterfaceOrientations = "UIInterfaceOrientationPortrait UIInterfaceOrientationPortraitUpsideDown";
				INFOPLIST_KEY_WKWatchOnly = YES;
				LD_RUNPATH_SEARCH_PATHS = (
					"$(inherited)",
					"@executable_path/Frameworks",
				);
				MARKETING_VERSION = 1.0;
				PRODUCT_BUNDLE_IDENTIFIER = com.br.personal.GuitarTuner.watchkitapp;
				PRODUCT_NAME = "$(TARGET_NAME)";
				SDKROOT = watchos;
				SKIP_INSTALL = YES;
				SWIFT_EMIT_LOC_STRINGS = YES;
				SWIFT_VERSION = 5.0;
				TARGETED_DEVICE_FAMILY = 4;
				VALIDATE_PRODUCT = YES;
				WATCHOS_DEPLOYMENT_TARGET = 10.0;
			};
			name = Release;
		};
		0BE7641F2AD8582F00643AE6 /* Debug */ = {
			isa = XCBuildConfiguration;
			buildSettings = {
				ALWAYS_EMBED_SWIFT_STANDARD_LIBRARIES = YES;
				CODE_SIGN_STYLE = Automatic;
				CURRENT_PROJECT_VERSION = 1;
				DEVELOPMENT_TEAM = RJ66497C7H;
				INFOPLIST_KEY_CFBundleDisplayName = GuitarTuner;
				MARKETING_VERSION = 1.0;
				PRODUCT_BUNDLE_IDENTIFIER = com.br.personal.GuitarTuner;
				PRODUCT_NAME = "$(TARGET_NAME)";
				SDKROOT = iphoneos;
				SWIFT_VERSION = 5.0;
			};
			name = Debug;
		};
		0BE764202AD8582F00643AE6 /* Release */ = {
			isa = XCBuildConfiguration;
			buildSettings = {
				ALWAYS_EMBED_SWIFT_STANDARD_LIBRARIES = YES;
				CODE_SIGN_STYLE = Automatic;
				CURRENT_PROJECT_VERSION = 1;
				DEVELOPMENT_TEAM = RJ66497C7H;
				INFOPLIST_KEY_CFBundleDisplayName = GuitarTuner;
				MARKETING_VERSION = 1.0;
				PRODUCT_BUNDLE_IDENTIFIER = com.br.personal.GuitarTuner;
				PRODUCT_NAME = "$(TARGET_NAME)";
				SDKROOT = iphoneos;
				SWIFT_VERSION = 5.0;
				VALIDATE_PRODUCT = YES;
			};
			name = Release;
		};
/* End XCBuildConfiguration section */

/* Begin XCConfigurationList section */
		0BE764012AD8582D00643AE6 /* Build configuration list for PBXProject "GuitarTuner" */ = {
			isa = XCConfigurationList;
			buildConfigurations = (
				0BE764182AD8582F00643AE6 /* Debug */,
				0BE764192AD8582F00643AE6 /* Release */,
			);
			defaultConfigurationIsVisible = 0;
			defaultConfigurationName = Release;
		};
		0BE7641A2AD8582F00643AE6 /* Build configuration list for PBXNativeTarget "GuitarTuner Watch App" */ = {
			isa = XCConfigurationList;
			buildConfigurations = (
				0BE7641B2AD8582F00643AE6 /* Debug */,
				0BE7641C2AD8582F00643AE6 /* Release */,
			);
			defaultConfigurationIsVisible = 0;
			defaultConfigurationName = Release;
		};
		0BE7641E2AD8582F00643AE6 /* Build configuration list for PBXNativeTarget "GuitarTuner" */ = {
			isa = XCConfigurationList;
			buildConfigurations = (
				0BE7641F2AD8582F00643AE6 /* Debug */,
				0BE764202AD8582F00643AE6 /* Release */,
			);
			defaultConfigurationIsVisible = 0;
			defaultConfigurationName = Release;
		};
/* End XCConfigurationList section */
	};
	rootObject = 0BE763FE2AD8582D00643AE6 /* Project object */;
}
